
Microsoft Visual Studio Solution File, Format Version 12.00
# Visual Studio 14
VisualStudioVersion = 14.0.25420.1
MinimumVisualStudioVersion = 10.0.40219.1
Project("{FAE04EC0-301F-11D3-BF4B-00C04F79EFBC}") = "ComputationalMethods", "ComputationalMethods\ComputationalMethods.csproj", "{845F2FE6-97E0-47B4-8C8C-31CF00D62056}"
EndProject
Project("{FAE04EC0-301F-11D3-BF4B-00C04F79EFBC}") = "ComputationalMethodsTests", "ComputationalMethodsTests\ComputationalMethodsTests.csproj", "{583C988C-2FB0-4937-8B8D-A9F134870944}"
EndProject
Project("{FAE04EC0-301F-11D3-BF4B-00C04F79EFBC}") = "ComputationMethodsNUnitTests", "ComputationMethodsNUnitTests\ComputationMethodsNUnitTests.csproj", "{CD08B59E-43DA-455D-8B50-B371A222AE37}"
EndProject
Global
	GlobalSection(SolutionConfigurationPlatforms) = preSolution
		Debug|Any CPU = Debug|Any CPU
		Release|Any CPU = Release|Any CPU
	EndGlobalSection
	GlobalSection(ProjectConfigurationPlatforms) = postSolution
		{845F2FE6-97E0-47B4-8C8C-31CF00D62056}.Debug|Any CPU.ActiveCfg = Debug|Any CPU
		{845F2FE6-97E0-47B4-8C8C-31CF00D62056}.Debug|Any CPU.Build.0 = Debug|Any CPU
		{845F2FE6-97E0-47B4-8C8C-31CF00D62056}.Release|Any CPU.ActiveCfg = Release|Any CPU
		{845F2FE6-97E0-47B4-8C8C-31CF00D62056}.Release|Any CPU.Build.0 = Release|Any CPU
		{583C988C-2FB0-4937-8B8D-A9F134870944}.Debug|Any CPU.ActiveCfg = Debug|Any CPU
		{583C988C-2FB0-4937-8B8D-A9F134870944}.Debug|Any CPU.Build.0 = Debug|Any CPU
		{583C988C-2FB0-4937-8B8D-A9F134870944}.Release|Any CPU.ActiveCfg = Release|Any CPU
		{583C988C-2FB0-4937-8B8D-A9F134870944}.Release|Any CPU.Build.0 = Release|Any CPU
		{CD08B59E-43DA-455D-8B50-B371A222AE37}.Debug|Any CPU.ActiveCfg = Debug|Any CPU
		{CD08B59E-43DA-455D-8B50-B371A222AE37}.Debug|Any CPU.Build.0 = Debug|Any CPU
		{CD08B59E-43DA-455D-8B50-B371A222AE37}.Release|Any CPU.ActiveCfg = Release|Any CPU
		{CD08B59E-43DA-455D-8B50-B371A222AE37}.Release|Any CPU.Build.0 = Release|Any CPU
	EndGlobalSection
	GlobalSection(SolutionProperties) = preSolution
		HideSolutionNode = FALSE
	EndGlobalSection
EndGlobal
